<Solution>
  <Folder Name="/Shared/">
    <Project Path="Shared/NS_CarRental.GlobalException/NS_CarRental.GlobalException.csproj" />
    <Project Path="Shared/NS_VehicleInvenotry.ApiGateWay/NS_CarRental.ApiGateWay.csproj" />
  </Folder>
  <Folder Name="/UI/">
    <Project Path="UI/CarRentalPlatform/CarRentalPlatform.csproj" />
  </Folder>
  <Folder Name="/WebServices/">
    <Project Path="WebServices/CustomerProfile.WebAPI/CustomerProfile.WebAPI.csproj" />
    <Project Path="WebServices/Maintenance.WebAPI/Maintenance.WebAPI.csproj" />
  </Folder>
  <Folder Name="/WebServices/VehicleInventoryService/">
    <Project Path="WebServices/VehicleInventoryService/VehicleInventory.Application/NS_VehicleInventory.Application.csproj" />
    <Project Path="WebServices/VehicleInventoryService/VehicleInventory.Domain/VehicleInventory.Domain.csproj" />
    <Project Path="WebServices/VehicleInventoryService/VehicleInventory.Infrastructure/NS_VehicleInventory.Infrastructure.csproj" />
    <Project Path="WebServices/VehicleInventoryService/VehicleInventory.WebAPI/NS_VehicleInventory.WebAPI.csproj" />
  </Folder>
</Solution>
